
Microsoft Visual Studio Solution File, Format Version 12.00
# Visual Studio Version 17
VisualStudioVersion = 17.3.32929.385
MinimumVisualStudioVersion = 10.0.40219.1
Project("{FAE04EC0-301F-11D3-BF4B-00C04F79EFBC}") = "PortfolioForm", "PortfolioForm\PortfolioForm.csproj", "{FC531B78-9AB2-4F45-82F4-CB1E1DE55666}"
EndProject
Global
	GlobalSection(SolutionConfigurationPlatforms) = preSolution
		Debug|Any CPU = Debug|Any CPU
		Release|Any CPU = Release|Any CPU
	EndGlobalSection
	GlobalSection(ProjectConfigurationPlatforms) = postSolution
		{FC531B78-9AB2-4F45-82F4-CB1E1DE55666}.Debug|Any CPU.ActiveCfg = Debug|Any CPU
		{FC531B78-9AB2-4F45-82F4-CB1E1DE55666}.Debug|Any CPU.Build.0 = Debug|Any CPU
		{FC531B78-9AB2-4F45-82F4-CB1E1DE55666}.Release|Any CPU.ActiveCfg = Release|Any CPU
		{FC531B78-9AB2-4F45-82F4-CB1E1DE55666}.Release|Any CPU.Build.0 = Release|Any CPU
	EndGlobalSection
	GlobalSection(SolutionProperties) = preSolution
		HideSolutionNode = FALSE
	EndGlobalSection
	GlobalSection(ExtensibilityGlobals) = postSolution
		SolutionGuid = {D0CF1D02-1425-4363-A44A-60448DCEBE13}
	EndGlobalSection
EndGlobal
